<Solution>
  <Folder Name="/src/">
    <Project Path="src/TrangTranHair.Api/TrangTranHair.Api.csproj" />
    <Project Path="src/TrangTranHair.Application/TrangTranHair.Application.csproj" />
    <Project Path="src/TrangTranHair.Domain/TrangTranHair.Domain.csproj" />
    <Project Path="src/TrangTranHair.Infrastructure/TrangTranHair.Infrastructure.csproj" />
  </Folder>
  <Folder Name="/tests/">
    <Project Path="tests/TrangTranHair.Application.Tests/TrangTranHair.Application.Tests.csproj" />
  </Folder>
</Solution>
